
Microsoft Visual Studio Solution File, Format Version 12.00
# Visual Studio Version 16
VisualStudioVersion = 16.0.30204.135
MinimumVisualStudioVersion = 10.0.40219.1
Project("{FAE04EC0-301F-11D3-BF4B-00C04F79EFBC}") = "qual", "qual\qual.csproj", "{5E165B23-7053-4C08-86F6-9AE5BD32AFEA}"
EndProject
Global
	GlobalSection(SolutionConfigurationPlatforms) = preSolution
		Debug|Any CPU = Debug|Any CPU
		Release|Any CPU = Release|Any CPU
	EndGlobalSection
	GlobalSection(ProjectConfigurationPlatforms) = postSolution
		{5E165B23-7053-4C08-86F6-9AE5BD32AFEA}.Debug|Any CPU.ActiveCfg = Debug|Any CPU
		{5E165B23-7053-4C08-86F6-9AE5BD32AFEA}.Debug|Any CPU.Build.0 = Debug|Any CPU
		{5E165B23-7053-4C08-86F6-9AE5BD32AFEA}.Release|Any CPU.ActiveCfg = Release|Any CPU
		{5E165B23-7053-4C08-86F6-9AE5BD32AFEA}.Release|Any CPU.Build.0 = Release|Any CPU
	EndGlobalSection
	GlobalSection(SolutionProperties) = preSolution
		HideSolutionNode = FALSE
	EndGlobalSection
	GlobalSection(ExtensibilityGlobals) = postSolution
		SolutionGuid = {CD727DD3-7B2C-4EAB-87E1-A23689CF4BD6}
	EndGlobalSection
EndGlobal
